
Microsoft Visual Studio Solution File, Format Version 12.00
# Visual Studio Version 17
VisualStudioVersion = 17.9.34622.214
MinimumVisualStudioVersion = 10.0.40219.1
Project("{FAE04EC0-301F-11D3-BF4B-00C04F79EFBC}") = "Servicios.Api.Proveedores", "Servicios.Api.Proveedores\Servicios.Api.Proveedores.csproj", "{FD82F0E1-4670-46D5-8D3D-8440DD22C684}"
EndProject
Global
	GlobalSection(SolutionConfigurationPlatforms) = preSolution
		Debug|Any CPU = Debug|Any CPU
		Release|Any CPU = Release|Any CPU
	EndGlobalSection
	GlobalSection(ProjectConfigurationPlatforms) = postSolution
		{FD82F0E1-4670-46D5-8D3D-8440DD22C684}.Debug|Any CPU.ActiveCfg = Debug|Any CPU
		{FD82F0E1-4670-46D5-8D3D-8440DD22C684}.Debug|Any CPU.Build.0 = Debug|Any CPU
		{FD82F0E1-4670-46D5-8D3D-8440DD22C684}.Release|Any CPU.ActiveCfg = Release|Any CPU
		{FD82F0E1-4670-46D5-8D3D-8440DD22C684}.Release|Any CPU.Build.0 = Release|Any CPU
	EndGlobalSection
	GlobalSection(SolutionProperties) = preSolution
		HideSolutionNode = FALSE
	EndGlobalSection
	GlobalSection(ExtensibilityGlobals) = postSolution
		SolutionGuid = {3B666260-A35A-473C-9C1C-159B3A4EFC5A}
	EndGlobalSection
EndGlobal
